# THIS IS AN AUTOGENERATED FILE. DO NOT EDIT THIS FILE DIRECTLY.
# yarn lockfile v1


"@prettier/plugin-php@^0.14.0":
  version "0.14.0"
  resolved "https://registry.yarnpkg.com/@prettier/plugin-php/-/plugin-php-0.14.0.tgz#299d4dab3a6943fedf3db78eadb07debc9a78a0a"
  integrity sha512-aUHD08hly/mBFMZlQbXZoA+k4DixiWZACLzT4Mz90qK6nlkw9TbPaby11m8OIwXcyUQRW6BeZ6hk209TbPxraQ==
  dependencies:
    linguist-languages "^7.5.1"
    mem "^6.0.1"
    php-parser "3.0.0"

linguist-languages@^7.5.1:
  version "7.9.0"
  resolved "https://registry.yarnpkg.com/linguist-languages/-/linguist-languages-7.9.0.tgz#025b421ff3acfdf9c9b34640816041bf842b5437"
  integrity sha512-saKTpS7BH8vOOwzrZNTkFL/DuT2JN7cg6oHWY8nAjt89+pV1qFcpbjEEcZdAv9ogc4DcxVFHkXmjeyU/DiFHQw==

map-age-cleaner@^0.1.3:
  version "0.1.3"
  resolved "https://registry.yarnpkg.com/map-age-cleaner/-/map-age-cleaner-0.1.3.tgz#7d583a7306434c055fe474b0f45078e6e1b4b92a"
  integrity sha512-bJzx6nMoP6PDLPBFmg7+xRKeFZvFboMrGlxmNj9ClvX53KrmvM5bXFXEWjbz4cz1AFn+jWJ9z/DJSz7hrs0w3w==
  dependencies:
    p-defer "^1.0.0"

mem@^6.0.1:
  version "6.0.1"
  resolved "https://registry.yarnpkg.com/mem/-/mem-6.0.1.tgz#3f8ad1b0f8c4e00daf07f104e95b9d78131d7908"
  integrity sha512-uIRYASflIsXqvKe+7aXbLrydaRzz4qiK6amqZDQI++eRtW3UoKtnDcGeCAOREgll7YMxO5E4VB9+3B0LFmy96g==
  dependencies:
    map-age-cleaner "^0.1.3"
    mimic-fn "^3.0.0"

mimic-fn@^3.0.0:
  version "3.0.0"
  resolved "https://registry.yarnpkg.com/mimic-fn/-/mimic-fn-3.0.0.tgz#76044cfa8818bbf6999c5c9acadf2d3649b14b4b"
  integrity sha512-PiVO95TKvhiwgSwg1IdLYlCTdul38yZxZMIcnDSFIBUm4BNZha2qpQ4GpJ++15bHoKDtrW2D69lMfFwdFYtNZQ==

module-plugin-dep@../module-plugin-dep:
  version "1.0.0"
  dependencies:
    "@prettier/plugin-php" "^0.14.0"

p-defer@^1.0.0:
  version "1.0.0"
  resolved "https://registry.yarnpkg.com/p-defer/-/p-defer-1.0.0.tgz#9f6eb182f6c9aa8cd743004a7d4f96b196b0fb0c"
  integrity sha1-n26xgvbJqozXQwBKfU+WsZaw+ww=

php-parser@3.0.0:
  version "3.0.0"
  resolved "https://registry.yarnpkg.com/php-parser/-/php-parser-3.0.0.tgz#7e0abef4941cabbf10f25f1445bca0f758f5102f"
  integrity sha512-WqGNf8Y5LBOXKJz9eKMwxjqfJ7KnwVU7DH3ebPTaOLlPtVrig++zG8KoOXywY9V9jQxY+wOY0EtC/e+wamaxsQ==

prettier@^2.0.2:
  version "2.0.2"
  resolved "https://registry.yarnpkg.com/prettier/-/prettier-2.0.2.tgz#1ba8f3eb92231e769b7fcd7cb73ae1b6b74ade08"
  integrity sha512-5xJQIPT8BraI7ZnaDwSbu5zLrB6vvi8hVV58yHQ+QK64qrY40dULy0HSRlQ2/2IdzeBpjhDkqdcFBnFeDEMVdg==
