{
  "name": "testplugins",
  "version": "1.0.0",
  "lockfileVersion": 1,
  "requires": true,
  "dependencies": {
    "@prettier/plugin-php": {
      "version": "0.10.2",
      "resolved": "https://registry.npmjs.org/@prettier/plugin-php/-/plugin-php-0.10.2.tgz",
      "integrity": "sha512-FCzNR2kqlS9YV81JguX4vYnpwFn6cOlLwUZaEB0jIjPcrEgqqBwk6KSERTA5cE+lX5Ynip5rkV1hydGufwyJ7A==",
      "dev": true,
      "requires": {
        "linguist-languages": "^6.3.0",
        "mem": "^4.0.0",
        "php-parser": "github:glayzzle/php-parser#71485979b688d12fb130d3e853fdc00348671e00"
      }
    },
    "linguist-languages": {
      "version": "6.3.0",
      "resolved": "https://registry.npmjs.org/linguist-languages/-/linguist-languages-6.3.0.tgz",
      "integrity": "sha512-d86fIQM00SqmBmAErxRpBEBe2Nw/WK4Se999wavaXc+lqarOLnoenGP3V/wgBclxKsRXEYWTd6mvv8373vPSKg==",
      "dev": true
    },
    "map-age-cleaner": {
      "version": "0.1.3",
      "resolved": "https://registry.npmjs.org/map-age-cleaner/-/map-age-cleaner-0.1.3.tgz",
      "integrity": "sha512-bJzx6nMoP6PDLPBFmg7+xRKeFZvFboMrGlxmNj9ClvX53KrmvM5bXFXEWjbz4cz1AFn+jWJ9z/DJSz7hrs0w3w==",
      "dev": true,
      "requires": {
        "p-defer": "^1.0.0"
      }
    },
    "mem": {
      "version": "4.3.0",
      "resolved": "https://registry.npmjs.org/mem/-/mem-4.3.0.tgz",
      "integrity": "sha512-qX2bG48pTqYRVmDB37rn/6PT7LcR8T7oAX3bf99u1Tt1nzxYfxkgqDwUwolPlXweM0XzBOBFzSx4kfp7KP1s/w==",
      "dev": true,
      "requires": {
        "map-age-cleaner": "^0.1.1",
        "mimic-fn": "^2.0.0",
        "p-is-promise": "^2.0.0"
      }
    },
    "mimic-fn": {
      "version": "2.1.0",
      "resolved": "https://registry.npmjs.org/mimic-fn/-/mimic-fn-2.1.0.tgz",
      "integrity": "sha512-OqbOk5oEQeAZ8WXWydlu9HJjz9WVdEIvamMCcXmuqUYjTknH/sqsWvhQ3vgwKFRR1HpjvNBKQ37nbJgYzGqGcg==",
      "dev": true
    },
    "p-defer": {
      "version": "1.0.0",
      "resolved": "https://registry.npmjs.org/p-defer/-/p-defer-1.0.0.tgz",
      "integrity": "sha1-n26xgvbJqozXQwBKfU+WsZaw+ww=",
      "dev": true
    },
    "p-is-promise": {
      "version": "2.1.0",
      "resolved": "https://registry.npmjs.org/p-is-promise/-/p-is-promise-2.1.0.tgz",
      "integrity": "sha512-Y3W0wlRPK8ZMRbNq97l4M5otioeA5lm1z7bkNkxCka8HSPjR0xRWmpCmc9utiaLP9Jb1eD8BgeIxTW4AIF45Pg==",
      "dev": true
    },
    "php-parser": {
      "version": "github:glayzzle/php-parser#71485979b688d12fb130d3e853fdc00348671e00",
      "from": "github:glayzzle/php-parser#71485979b688d12fb130d3e853fdc00348671e00",
      "dev": true
    },
    "prettier": {
      "version": "1.17.0",
      "resolved": "https://registry.npmjs.org/prettier/-/prettier-1.17.0.tgz",
      "integrity": "sha512-sXe5lSt2WQlCbydGETgfm1YBShgOX4HxQkFPvbxkcwgDvGDeqVau8h+12+lmSVlP3rHPz0oavfddSZg/q+Szjw==",
      "dev": true
    }
  }
}
