{
  "name": "ruby",
  "version": "1.0.0",
  "lockfileVersion": 1,
  "requires": true,
  "dependencies": {
    "@prettier/plugin-ruby": {
      "version": "0.16.0",
      "resolved": "https://registry.npmjs.org/@prettier/plugin-ruby/-/plugin-ruby-0.16.0.tgz",
      "integrity": "sha512-3jHEPFL/vK34TPfNByCX0uDiJqHSHvo36LacWCxe7d+yoEUhfOE5oNi2Q1PRej08wKAopU5aApJVPnfz9LoCsw==",
      "dev": true,
      "requires": {
        "prettier": ">=1.10"
      }
    },
    "prettier": {
      "version": "1.19.1",
      "resolved": "https://registry.npmjs.org/prettier/-/prettier-1.19.1.tgz",
      "integrity": "sha512-s7PoyDv/II1ObgQunCbB9PdLmUcBZcnWOcxDh7O0N/UwDEsHyqkW+Qh28jW+mVuCdx7gLB0BotYI1Y6uI9iyew==",
      "dev": true
    }
  }
}
