lockfileVersion: '9.0'

settings:
  autoInstallPeers: true
  excludeLinksFromLockfile: false

importers:

  .:
    devDependencies:
      prettier:
        specifier: 2.0.2
        version: 2.0.2

packages:

  prettier@2.0.2:
    resolution: {integrity: sha512-5xJQIPT8BraI7ZnaDwSbu5zLrB6vvi8hVV58yHQ+QK64qrY40dULy0HSRlQ2/2IdzeBpjhDkqdcFBnFeDEMVdg==}
    engines: {node: '>=10.13.0'}
    hasBin: true

snapshots:

  prettier@2.0.2: {}
