# THIS IS AN AUTOGENERATED FILE. DO NOT EDIT THIS FILE DIRECTLY.
# yarn lockfile v1


"prettier-plugin-override@file:./prettier-plugin-override":
  version "0.0.1"

prettier@^3.4.2:
  version "3.7.1"
  resolved "https://registry.yarnpkg.com/prettier/-/prettier-3.7.1.tgz#8dfbf54c98e85a113962d3d8414ae82ff3722991"
  integrity sha512-RWKXE4qB3u5Z6yz7omJkjWwmTfLdcbv44jUVHC5NpfXwFGzvpQM798FGv/6WNK879tc+Cn0AAyherCl1KjbyZQ==
