# THIS IS AN AUTOGENERATED FILE. DO NOT EDIT THIS FILE DIRECTLY.
# yarn lockfile v1


"prettier-plugin-override@file:./prettier-plugin-override":
  version "0.0.1"

prettier@^3.0.0-alpha.12:
  version "3.0.0-alpha.9-for-vscode"
  resolved "https://registry.yarnpkg.com/prettier/-/prettier-3.0.0-alpha.9-for-vscode.tgz#163beaa27b76178a3a66dbca2087d0f464204f94"
  integrity sha512-1PRIN3j5DKFi/BGBYB6aErxkq76ml2n1AHPmwrqh/bCiBkmXio5eFTrNMpDls/529r+8TSzVLQMhDFzrwMA2ag==
