# THIS IS AN AUTOGENERATED FILE. DO NOT EDIT THIS FILE DIRECTLY.
# yarn lockfile v1


"prettier-plugin-override@file:./prettier-plugin-override":
  version "0.0.1"

prettier@3.0.0-alpha.12:
  version "3.0.0-alpha.12"
  resolved "https://registry.yarnpkg.com/prettier/-/prettier-3.0.0-alpha.12.tgz#c38228f277e870298b6d95e579e54ea500487505"
  integrity sha512-QCCLoJ+ttw/DV6zLiHJDZdC7sZ23fk3gCulQmjU6AuA/Uk8o6qbzM4afyEDIM94xhj7MEGDtKYo+ZFpxwjmSEg==
