lockfileVersion: 5.4

specifiers:
  '@prettier/plugin-php': ^0.19.6
  prettier: ^2.8.8
  prettier-plugin-organize-imports: 2.3.4

devDependencies:
  '@prettier/plugin-php': 0.19.6_prettier@2.8.8
  prettier: 2.8.8
  prettier-plugin-organize-imports: 2.3.4_prettier@2.8.8

packages:

  /@prettier/plugin-php/0.19.6_prettier@2.8.8:
    resolution: {integrity: sha512-MFaBfdxfTbGNwClJ/EZd2ROTa/Bd7EV+ff2KG769I9RsmNcVWcHARIYlSlJqFGgSbumOm+Ylm6RIXdxb5kG+OA==}
    peerDependencies:
      prettier: ^1.15.0 || ^2.0.0
    dependencies:
      linguist-languages: 7.21.0
      mem: 8.1.1
      php-parser: 3.1.5
      prettier: 2.8.8
    dev: true

  /linguist-languages/7.21.0:
    resolution: {integrity: sha512-KrWJJbFOvlDhjlt5OhUipVlXg+plUfRurICAyij1ZVxQcqPt/zeReb9KiUVdGUwwhS/2KS9h3TbyfYLA5MDlxQ==}
    dev: true

  /map-age-cleaner/0.1.3:
    resolution: {integrity: sha512-bJzx6nMoP6PDLPBFmg7+xRKeFZvFboMrGlxmNj9ClvX53KrmvM5bXFXEWjbz4cz1AFn+jWJ9z/DJSz7hrs0w3w==}
    engines: {node: '>=6'}
    dependencies:
      p-defer: 1.0.0
    dev: true

  /mem/8.1.1:
    resolution: {integrity: sha512-qFCFUDs7U3b8mBDPyz5EToEKoAkgCzqquIgi9nkkR9bixxOVOre+09lbuH7+9Kn2NFpm56M3GUWVbU2hQgdACA==}
    engines: {node: '>=10'}
    dependencies:
      map-age-cleaner: 0.1.3
      mimic-fn: 3.1.0
    dev: true

  /mimic-fn/3.1.0:
    resolution: {integrity: sha512-Ysbi9uYW9hFyfrThdDEQuykN4Ey6BuwPD2kpI5ES/nFTDn/98yxYNLZJcgUAKPT/mcrLLKaGzJR9YVxJrIdASQ==}
    engines: {node: '>=8'}
    dev: true

  /p-defer/1.0.0:
    resolution: {integrity: sha512-wB3wfAxZpk2AzOfUMJNL+d36xothRSyj8EXOa4f6GMqYDN9BJaaSISbsk+wS9abmnebVw95C2Kb5t85UmpCxuw==}
    engines: {node: '>=4'}
    dev: true

  /php-parser/3.1.5:
    resolution: {integrity: sha512-jEY2DcbgCm5aclzBdfW86GM6VEIWcSlhTBSHN1qhJguVePlYe28GhwS0yoeLYXpM2K8y6wzLwrbq814n2PHSoQ==}
    dev: true

  /prettier-plugin-organize-imports/2.3.4_prettier@2.8.8:
    resolution: {integrity: sha512-R8o23sf5iVL/U71h9SFUdhdOEPsi3nm42FD/oDYIZ2PQa4TNWWuWecxln6jlIQzpZTDMUeO1NicJP6lLn2TtRw==}
    peerDependencies:
      prettier: '>=2.0'
      typescript: '>=2.9'
    peerDependenciesMeta:
      typescript:
        optional: true
    dependencies:
      prettier: 2.8.8
    dev: true

  /prettier/2.8.8:
    resolution: {integrity: sha512-tdN8qQGvNjw4CHbY+XXk0JgCXn9QiF21a55rBe5LJAU+kDyC4WQn4+awm2Xfk2lQMk5fKup9XgzTZtGkjBdP9Q==}
    engines: {node: '>=10.13.0'}
    hasBin: true
    dev: true
