# THIS IS AN AUTOGENERATED FILE. DO NOT EDIT THIS FILE DIRECTLY.
# yarn lockfile v1


prettier@3.0.0-alpha.6:
  version "3.0.0-alpha.6"
  resolved "https://registry.yarnpkg.com/prettier/-/prettier-3.0.0-alpha.6.tgz#c562f9f54966aff792c6920e6a29fbffd1ae07b6"
  integrity sha512-AdbQSZ6Oo+iy9Ekzmsgno05P1uX2vqPkjOMJqRfP8hTe+m6iDw4Nt7bPFpWZ/HYCU+3f0P5U0o2ghxQwwkLH7A==
