{
  "name": "v3-plugins",
  "version": "1.0.0",
  "lockfileVersion": 2,
  "requires": true,
  "packages": {
    "": {
      "name": "v3-plugins",
      "version": "1.0.0",
      "license": "MIT",
      "devDependencies": {
        "@prettier/plugin-xml": "3.0.0-alpha.0",
        "prettier": "^3.0.0-alpha.12"
      }
    },
    "node_modules/@prettier/plugin-xml": {
      "version": "3.0.0-alpha.0",
      "resolved": "https://registry.npmjs.org/@prettier/plugin-xml/-/plugin-xml-3.0.0-alpha.0.tgz",
      "integrity": "sha512-xb04QuUCHdZfXn9aQ4E1AteLchlZFIaEnJUUygSUcmmxzV6AHtZp2/BJ/dCcMafoRFD4SF7ZyW6GpLRbEbgDrA==",
      "dev": true,
      "dependencies": {
        "@xml-tools/parser": "^1.0.11",
        "prettier": ">=3.0.0-alpha.3"
      }
    },
    "node_modules/@xml-tools/parser": {
      "version": "1.0.11",
      "resolved": "https://registry.npmjs.org/@xml-tools/parser/-/parser-1.0.11.tgz",
      "integrity": "sha512-aKqQ077XnR+oQtHJlrAflaZaL7qZsulWc/i/ZEooar5JiWj1eLt0+Wg28cpa+XLney107wXqneC+oG1IZvxkTA==",
      "dev": true,
      "dependencies": {
        "chevrotain": "7.1.1"
      }
    },
    "node_modules/chevrotain": {
      "version": "7.1.1",
      "resolved": "https://registry.npmjs.org/chevrotain/-/chevrotain-7.1.1.tgz",
      "integrity": "sha512-wy3mC1x4ye+O+QkEinVJkPf5u2vsrDIYW9G7ZuwFl6v/Yu0LwUuT2POsb+NUWApebyxfkQq6+yDfRExbnI5rcw==",
      "dev": true,
      "dependencies": {
        "regexp-to-ast": "0.5.0"
      }
    },
    "node_modules/prettier": {
      "version": "3.0.0-alpha.12",
      "resolved": "https://registry.npmjs.org/prettier/-/prettier-3.0.0-alpha.12.tgz",
      "integrity": "sha512-QCCLoJ+ttw/DV6zLiHJDZdC7sZ23fk3gCulQmjU6AuA/Uk8o6qbzM4afyEDIM94xhj7MEGDtKYo+ZFpxwjmSEg==",
      "dev": true,
      "bin": {
        "prettier": "bin/prettier.cjs"
      },
      "engines": {
        "node": ">=14"
      },
      "funding": {
        "url": "https://github.com/prettier/prettier?sponsor=1"
      }
    },
    "node_modules/regexp-to-ast": {
      "version": "0.5.0",
      "resolved": "https://registry.npmjs.org/regexp-to-ast/-/regexp-to-ast-0.5.0.tgz",
      "integrity": "sha512-tlbJqcMHnPKI9zSrystikWKwHkBqu2a/Sgw01h3zFjvYrMxEDYHzzoMZnUrbIfpTFEsoRnnviOXNCzFiSc54Qw==",
      "dev": true
    }
  },
  "dependencies": {
    "@prettier/plugin-xml": {
      "version": "3.0.0-alpha.0",
      "resolved": "https://registry.npmjs.org/@prettier/plugin-xml/-/plugin-xml-3.0.0-alpha.0.tgz",
      "integrity": "sha512-xb04QuUCHdZfXn9aQ4E1AteLchlZFIaEnJUUygSUcmmxzV6AHtZp2/BJ/dCcMafoRFD4SF7ZyW6GpLRbEbgDrA==",
      "dev": true,
      "requires": {
        "@xml-tools/parser": "^1.0.11",
        "prettier": ">=3.0.0-alpha.3"
      }
    },
    "@xml-tools/parser": {
      "version": "1.0.11",
      "resolved": "https://registry.npmjs.org/@xml-tools/parser/-/parser-1.0.11.tgz",
      "integrity": "sha512-aKqQ077XnR+oQtHJlrAflaZaL7qZsulWc/i/ZEooar5JiWj1eLt0+Wg28cpa+XLney107wXqneC+oG1IZvxkTA==",
      "dev": true,
      "requires": {
        "chevrotain": "7.1.1"
      }
    },
    "chevrotain": {
      "version": "7.1.1",
      "resolved": "https://registry.npmjs.org/chevrotain/-/chevrotain-7.1.1.tgz",
      "integrity": "sha512-wy3mC1x4ye+O+QkEinVJkPf5u2vsrDIYW9G7ZuwFl6v/Yu0LwUuT2POsb+NUWApebyxfkQq6+yDfRExbnI5rcw==",
      "dev": true,
      "requires": {
        "regexp-to-ast": "0.5.0"
      }
    },
    "prettier": {
      "version": "3.0.0-alpha.12",
      "resolved": "https://registry.npmjs.org/prettier/-/prettier-3.0.0-alpha.12.tgz",
      "integrity": "sha512-QCCLoJ+ttw/DV6zLiHJDZdC7sZ23fk3gCulQmjU6AuA/Uk8o6qbzM4afyEDIM94xhj7MEGDtKYo+ZFpxwjmSEg==",
      "dev": true
    },
    "regexp-to-ast": {
      "version": "0.5.0",
      "resolved": "https://registry.npmjs.org/regexp-to-ast/-/regexp-to-ast-0.5.0.tgz",
      "integrity": "sha512-tlbJqcMHnPKI9zSrystikWKwHkBqu2a/Sgw01h3zFjvYrMxEDYHzzoMZnUrbIfpTFEsoRnnviOXNCzFiSc54Qw==",
      "dev": true
    }
  }
}
