# This file is generated by running "yarn install" inside your project.
# Manual changes might be lost - proceed with caution!

__metadata:
  version: 5
  cacheKey: 8

"@prettier/plugin-php@npm:^0.17.6":
  version: 0.17.6
  resolution: "@prettier/plugin-php@npm:0.17.6"
  dependencies:
    linguist-languages: ^7.5.1
    mem: ^8.0.0
    php-parser: "git+https://github.com/glayzzle/php-parser.git#27abcb2337ac6450c068ef064982dfabf77916a5"
  peerDependencies:
    prettier: ^1.15.0 || ^2.0.0
  checksum: 869fc7ab212984c0cbcf9ec253c370b6f285716b270771344f310944d0635118d047950610969b521f8dee1ecddd5437e944a268286b6598802e70970366d324
  languageName: node
  linkType: hard

"linguist-languages@npm:^7.5.1":
  version: 7.15.0
  resolution: "linguist-languages@npm:7.15.0"
  checksum: 2f930295a291997ecf30219246f1bdb915ea53820f37410aacd0effb5a94ab6b1076ab35fa792899ac86b196ab0a9b2c40f2cc021817ccbecd4bd2efc45a1df1
  languageName: node
  linkType: hard

"map-age-cleaner@npm:^0.1.3":
  version: 0.1.3
  resolution: "map-age-cleaner@npm:0.1.3"
  dependencies:
    p-defer: ^1.0.0
  checksum: cb2804a5bcb3cbdfe4b59066ea6d19f5e7c8c196cd55795ea4c28f792b192e4c442426ae52524e5e1acbccf393d3bddacefc3d41f803e66453f6c4eda3650bc1
  languageName: node
  linkType: hard

"mem@npm:^8.0.0":
  version: 8.1.1
  resolution: "mem@npm:8.1.1"
  dependencies:
    map-age-cleaner: ^0.1.3
    mimic-fn: ^3.1.0
  checksum: c41bc97f6f82b91899206058989e34bcb1543af40413c2ab59e5a8e97e4f8f2188d62e7bd95b2d575d5b0d823d5034a0f274a0676f6d11a0e0b973898b06c8b1
  languageName: node
  linkType: hard

"mimic-fn@npm:^3.1.0":
  version: 3.1.0
  resolution: "mimic-fn@npm:3.1.0"
  checksum: f7b167f9115b8bbdf2c3ee55dce9149d14be9e54b237259c4bc1d8d0512ea60f25a1b323f814eb1fe8f5a541662804bcfcfff3202ca58df143edb986849d58db
  languageName: node
  linkType: hard

"p-defer@npm:^1.0.0":
  version: 1.0.0
  resolution: "p-defer@npm:1.0.0"
  checksum: 4271b935c27987e7b6f229e5de4cdd335d808465604644cb7b4c4c95bef266735859a93b16415af8a41fd663ee9e3b97a1a2023ca9def613dba1bad2a0da0c7b
  languageName: node
  linkType: hard

"php-parser@git+https://github.com/glayzzle/php-parser.git#27abcb2337ac6450c068ef064982dfabf77916a5":
  version: 3.0.2
  resolution: "php-parser@https://github.com/glayzzle/php-parser.git#commit=27abcb2337ac6450c068ef064982dfabf77916a5"
  checksum: 4387754c41dd96efa1a7164dd696f884430e70e6557eb93b52d2e5388a93cd17f3604674bf480d5def20cb3e6c03ab60b79c4e3abd513502d1fe51e7f4b42f8f
  languageName: node
  linkType: hard

"prettier@npm:^2.5.1":
  version: 2.5.1
  resolution: "prettier@npm:2.5.1"
  bin:
    prettier: bin-prettier.js
  checksum: 21b9408476ea1c544b0e45d51ceb94a84789ff92095abb710942d780c862d0daebdb29972d47f6b4d0f7ebbfb0ffbf56cc2cfa3e3e9d1cca54864af185b15b66
  languageName: node
  linkType: hard

"testplugins@workspace:.":
  version: 0.0.0-use.local
  resolution: "testplugins@workspace:."
  dependencies:
    "@prettier/plugin-php": ^0.17.6
    prettier: ^2.5.1
  languageName: unknown
  linkType: soft
