# THIS IS AN AUTOGENERATED FILE. DO NOT EDIT THIS FILE DIRECTLY.
# yarn lockfile v1


"@prettier/plugin-php@^0.11.2":
  version "0.11.2"
  resolved "https://registry.yarnpkg.com/@prettier/plugin-php/-/plugin-php-0.11.2.tgz#2eca5d836c9782e958a1f37874d78f419e3aad36"
  integrity sha512-LWT3VY0+Xd2fGNqOfv7B2boBIomUJmSaBA3YFPIrz7Yzg8Yu8V9Vs6p19aXPezFVqJGTh1NT3/6b1dah2gmu/Q==
  dependencies:
    linguist-languages "^6.3.0"
    mem "^4.0.0"
    php-parser glayzzle/php-parser#71485979b688d12fb130d3e853fdc00348671e00

linguist-languages@^6.3.0:
  version "6.3.0"
  resolved "https://registry.yarnpkg.com/linguist-languages/-/linguist-languages-6.3.0.tgz#b15a847c130229cc9239ebb11f0525a0e4c7a092"
  integrity sha512-d86fIQM00SqmBmAErxRpBEBe2Nw/WK4Se999wavaXc+lqarOLnoenGP3V/wgBclxKsRXEYWTd6mvv8373vPSKg==

map-age-cleaner@^0.1.1:
  version "0.1.3"
  resolved "https://registry.yarnpkg.com/map-age-cleaner/-/map-age-cleaner-0.1.3.tgz#7d583a7306434c055fe474b0f45078e6e1b4b92a"
  integrity sha512-bJzx6nMoP6PDLPBFmg7+xRKeFZvFboMrGlxmNj9ClvX53KrmvM5bXFXEWjbz4cz1AFn+jWJ9z/DJSz7hrs0w3w==
  dependencies:
    p-defer "^1.0.0"

mem@^4.0.0:
  version "4.3.0"
  resolved "https://registry.yarnpkg.com/mem/-/mem-4.3.0.tgz#461af497bc4ae09608cdb2e60eefb69bff744178"
  integrity sha512-qX2bG48pTqYRVmDB37rn/6PT7LcR8T7oAX3bf99u1Tt1nzxYfxkgqDwUwolPlXweM0XzBOBFzSx4kfp7KP1s/w==
  dependencies:
    map-age-cleaner "^0.1.1"
    mimic-fn "^2.0.0"
    p-is-promise "^2.0.0"

mimic-fn@^2.0.0:
  version "2.1.0"
  resolved "https://registry.yarnpkg.com/mimic-fn/-/mimic-fn-2.1.0.tgz#7ed2c2ccccaf84d3ffcb7a69b57711fc2083401b"
  integrity sha512-OqbOk5oEQeAZ8WXWydlu9HJjz9WVdEIvamMCcXmuqUYjTknH/sqsWvhQ3vgwKFRR1HpjvNBKQ37nbJgYzGqGcg==

p-defer@^1.0.0:
  version "1.0.0"
  resolved "https://registry.yarnpkg.com/p-defer/-/p-defer-1.0.0.tgz#9f6eb182f6c9aa8cd743004a7d4f96b196b0fb0c"
  integrity sha1-n26xgvbJqozXQwBKfU+WsZaw+ww=

p-is-promise@^2.0.0:
  version "2.1.0"
  resolved "https://registry.yarnpkg.com/p-is-promise/-/p-is-promise-2.1.0.tgz#918cebaea248a62cf7ffab8e3bca8c5f882fc42e"
  integrity sha512-Y3W0wlRPK8ZMRbNq97l4M5otioeA5lm1z7bkNkxCka8HSPjR0xRWmpCmc9utiaLP9Jb1eD8BgeIxTW4AIF45Pg==

php-parser@glayzzle/php-parser#71485979b688d12fb130d3e853fdc00348671e00:
  version "3.0.0-prerelease.8"
  resolved "https://codeload.github.com/glayzzle/php-parser/tar.gz/71485979b688d12fb130d3e853fdc00348671e00"

prettier@^1.18.2:
  version "1.18.2"
  resolved "https://registry.yarnpkg.com/prettier/-/prettier-1.18.2.tgz#6823e7c5900017b4bd3acf46fe9ac4b4d7bda9ea"
  integrity sha512-OeHeMc0JhFE9idD4ZdtNibzY0+TPHSpSSb9h8FqtP+YnoZZ1sl8Vc9b1sasjfymH3SonAF4QcA2+mzHPhMvIiw==
