# THIS IS AN AUTOGENERATED FILE. DO NOT EDIT THIS FILE DIRECTLY.
# yarn lockfile v1


"@prettier/plugin-php@^0.17.6":
  version "0.17.6"
  resolved "https://registry.yarnpkg.com/@prettier/plugin-php/-/plugin-php-0.17.6.tgz#49e2cb091da89d525842412d2de20fc3ca3d1a20"
  integrity sha512-Nxkq+Gl8bGbutRV7e3/p5d+Bcftn75oH61RT8xzk44T5ET7fVP50pUdaOdvt704GSNr6wwmfBW8MhBz5IKt+fA==
  dependencies:
    linguist-languages "^7.5.1"
    mem "^8.0.0"
    php-parser "https://github.com/glayzzle/php-parser#27abcb2337ac6450c068ef064982dfabf77916a5"

linguist-languages@^7.5.1:
  version "7.15.0"
  resolved "https://registry.yarnpkg.com/linguist-languages/-/linguist-languages-7.15.0.tgz#a93bed6b93015d8133622cb05da6296890862bfa"
  integrity sha512-qkSSNDjDDycZ2Wcw+GziNBB3nNo3ddYUInM/PL8Amgwbd9RQ/BKGj2/1d6mdxKgBFnUqZuaDbkIwkE4KUwwmtQ==

map-age-cleaner@^0.1.3:
  version "0.1.3"
  resolved "https://registry.yarnpkg.com/map-age-cleaner/-/map-age-cleaner-0.1.3.tgz#7d583a7306434c055fe474b0f45078e6e1b4b92a"
  integrity sha512-bJzx6nMoP6PDLPBFmg7+xRKeFZvFboMrGlxmNj9ClvX53KrmvM5bXFXEWjbz4cz1AFn+jWJ9z/DJSz7hrs0w3w==
  dependencies:
    p-defer "^1.0.0"

mem@^8.0.0:
  version "8.1.1"
  resolved "https://registry.yarnpkg.com/mem/-/mem-8.1.1.tgz#cf118b357c65ab7b7e0817bdf00c8062297c0122"
  integrity sha512-qFCFUDs7U3b8mBDPyz5EToEKoAkgCzqquIgi9nkkR9bixxOVOre+09lbuH7+9Kn2NFpm56M3GUWVbU2hQgdACA==
  dependencies:
    map-age-cleaner "^0.1.3"
    mimic-fn "^3.1.0"

mimic-fn@^3.1.0:
  version "3.1.0"
  resolved "https://registry.yarnpkg.com/mimic-fn/-/mimic-fn-3.1.0.tgz#65755145bbf3e36954b949c16450427451d5ca74"
  integrity sha512-Ysbi9uYW9hFyfrThdDEQuykN4Ey6BuwPD2kpI5ES/nFTDn/98yxYNLZJcgUAKPT/mcrLLKaGzJR9YVxJrIdASQ==

p-defer@^1.0.0:
  version "1.0.0"
  resolved "https://registry.yarnpkg.com/p-defer/-/p-defer-1.0.0.tgz#9f6eb182f6c9aa8cd743004a7d4f96b196b0fb0c"
  integrity sha1-n26xgvbJqozXQwBKfU+WsZaw+ww=

"php-parser@git+https://github.com/glayzzle/php-parser.git#27abcb2337ac6450c068ef064982dfabf77916a5":
  version "3.0.2"
  resolved "git+https://github.com/glayzzle/php-parser.git#27abcb2337ac6450c068ef064982dfabf77916a5"

prettier@^2.5.1:
  version "2.5.1"
  resolved "https://registry.yarnpkg.com/prettier/-/prettier-2.5.1.tgz#fff75fa9d519c54cf0fce328c1017d94546bc56a"
  integrity sha512-vBZcPRUR5MZJwoyi3ZoyQlc1rXeEck8KgeC9AwwOn+exuxLxq5toTRDTSaVrXHxelDMHy9zlicw8u66yxoSUFg==
