lockfileVersion: '9.0'

settings:
  autoInstallPeers: true
  excludeLinksFromLockfile: false

importers:

  .:
    dependencies:
      '@prettier/plugin-php':
        specifier: ^0.17.6
        version: 0.17.6(prettier@2.8.8)

packages:

  '@prettier/plugin-php@0.17.6':
    resolution: {integrity: sha512-Nxkq+Gl8bGbutRV7e3/p5d+Bcftn75oH61RT8xzk44T5ET7fVP50pUdaOdvt704GSNr6wwmfBW8MhBz5IKt+fA==}
    peerDependencies:
      prettier: ^1.15.0 || ^2.0.0

  linguist-languages@7.31.2:
    resolution: {integrity: sha512-UQv5iuzEcGoYWdc/Ea2yqLiFbe8rQmIa5uD1FLwF5vBYmwbTvJlPJfHaIVtfYZTQf2wg7pzhxkwkGPP3q+v+EA==}

  map-age-cleaner@0.1.3:
    resolution: {integrity: sha512-bJzx6nMoP6PDLPBFmg7+xRKeFZvFboMrGlxmNj9ClvX53KrmvM5bXFXEWjbz4cz1AFn+jWJ9z/DJSz7hrs0w3w==}
    engines: {node: '>=6'}

  mem@8.1.1:
    resolution: {integrity: sha512-qFCFUDs7U3b8mBDPyz5EToEKoAkgCzqquIgi9nkkR9bixxOVOre+09lbuH7+9Kn2NFpm56M3GUWVbU2hQgdACA==}
    engines: {node: '>=10'}

  mimic-fn@3.1.0:
    resolution: {integrity: sha512-Ysbi9uYW9hFyfrThdDEQuykN4Ey6BuwPD2kpI5ES/nFTDn/98yxYNLZJcgUAKPT/mcrLLKaGzJR9YVxJrIdASQ==}
    engines: {node: '>=8'}

  p-defer@1.0.0:
    resolution: {integrity: sha512-wB3wfAxZpk2AzOfUMJNL+d36xothRSyj8EXOa4f6GMqYDN9BJaaSISbsk+wS9abmnebVw95C2Kb5t85UmpCxuw==}
    engines: {node: '>=4'}

  php-parser@https://codeload.github.com/glayzzle/php-parser/tar.gz/27abcb2337ac6450c068ef064982dfabf77916a5:
    resolution: {tarball: https://codeload.github.com/glayzzle/php-parser/tar.gz/27abcb2337ac6450c068ef064982dfabf77916a5}
    version: 3.0.2

  prettier@2.8.8:
    resolution: {integrity: sha512-tdN8qQGvNjw4CHbY+XXk0JgCXn9QiF21a55rBe5LJAU+kDyC4WQn4+awm2Xfk2lQMk5fKup9XgzTZtGkjBdP9Q==}
    engines: {node: '>=10.13.0'}
    hasBin: true

snapshots:

  '@prettier/plugin-php@0.17.6(prettier@2.8.8)':
    dependencies:
      linguist-languages: 7.31.2
      mem: 8.1.1
      php-parser: https://codeload.github.com/glayzzle/php-parser/tar.gz/27abcb2337ac6450c068ef064982dfabf77916a5
      prettier: 2.8.8

  linguist-languages@7.31.2: {}

  map-age-cleaner@0.1.3:
    dependencies:
      p-defer: 1.0.0

  mem@8.1.1:
    dependencies:
      map-age-cleaner: 0.1.3
      mimic-fn: 3.1.0

  mimic-fn@3.1.0: {}

  p-defer@1.0.0: {}

  php-parser@https://codeload.github.com/glayzzle/php-parser/tar.gz/27abcb2337ac6450c068ef064982dfabf77916a5: {}

  prettier@2.8.8: {}
