lockfileVersion: '9.0'

settings:
  autoInstallPeers: true
  excludeLinksFromLockfile: false

importers:

  .:
    devDependencies:
      prettier:
        specifier: 1.8.2
        version: 1.8.2

packages:

  prettier@1.8.2:
    resolution: {integrity: sha512-fHWjCwoRZgjP1rvLP7OGqOznq7xH1sHMQUFLX8qLRO79hI57+6xbc5vB904LxEkCfgFgyr3vv06JkafgCSzoZg==}
    engines: {node: '>=4'}
    hasBin: true

snapshots:

  prettier@1.8.2: {}
